
Microsoft Visual Studio Solution File, Format Version 12.00
# Visual Studio Version 16
VisualStudioVersion = 16.0.28803.352
MinimumVisualStudioVersion = 10.0.40219.1
Project("{9A19103F-16F7-4668-BE54-9A1E7A4F7556}") = "iChiba.ACC.PrivateApi", "iChiba.OM.PrivateApi\iChiba.ACC.PrivateApi.csproj", "{BE6908B8-04CB-4B91-8773-5C9C0017704A}"
EndProject
Project("{2150E333-8FDC-42A3-9474-1A3956D46DE8}") = "AppService", "AppService", "{D416D739-F80A-40C4-8301-CF69706851E6}"
EndProject
Project("{2150E333-8FDC-42A3-9474-1A3956D46DE8}") = "PrivateApi", "PrivateApi", "{F216E480-8AF8-415E-B3A2-43CD7A51D07B}"
EndProject
Project("{2150E333-8FDC-42A3-9474-1A3956D46DE8}") = "Core", "Core", "{21C438C7-7632-45BF-A744-23C88F16D2C9}"
EndProject
Project("{2150E333-8FDC-42A3-9474-1A3956D46DE8}") = "Repository", "Repository", "{CF3BE46E-3470-460F-A477-E060A2304C2E}"
EndProject
Project("{2150E333-8FDC-42A3-9474-1A3956D46DE8}") = "Service", "Service", "{ABA9F4FE-05BE-4973-8F96-D7D96674B448}"
EndProject
Project("{2150E333-8FDC-42A3-9474-1A3956D46DE8}") = "Specification", "Specification", "{3D45F72E-E52C-4548-A3C5-5F0226F475BF}"
EndProject
Project("{9A19103F-16F7-4668-BE54-9A1E7A4F7556}") = "iChiba.ACC.DbContext", "iChiba.OM.DbContext\iChiba.ACC.DbContext.csproj", "{006B99F4-F83D-4805-A9C9-7F78093C6384}"
EndProject
Project("{9A19103F-16F7-4668-BE54-9A1E7A4F7556}") = "iChiba.ACC.Model", "iChiba.OM.Model\iChiba.ACC.Model.csproj", "{92CB9ABE-B063-4313-AFC3-3169035DA9B1}"
EndProject
Project("{9A19103F-16F7-4668-BE54-9A1E7A4F7556}") = "iChiba.LocalizationCommon", "iChiba.LocalizationCommon\iChiba.LocalizationCommon.csproj", "{22D8535D-EB7D-4179-BB79-0590776068D0}"
EndProject
Project("{2150E333-8FDC-42A3-9474-1A3956D46DE8}") = "Driver", "Driver", "{4FDD7C9B-6A3C-4934-BD98-14A808C95F59}"
EndProject
Project("{9A19103F-16F7-4668-BE54-9A1E7A4F7556}") = "Ichiba.Bank.Api.Driver", "Ichiba.Bank.Api.Driver\Ichiba.Bank.Api.Driver.csproj", "{3B57C03D-5B8F-43AC-AF82-57A9F5445C43}"
EndProject
Project("{2150E333-8FDC-42A3-9474-1A3956D46DE8}") = "Core.Workflow", "Core.Workflow", "{1BA7C05A-9A7A-4E01-8DD9-E81750DDFCC2}"
EndProject
Project("{9A19103F-16F7-4668-BE54-9A1E7A4F7556}") = "microwf.Core", "microwf.Core\microwf.Core.csproj", "{11386232-4E50-4D2D-B677-8412A5C68516}"
EndProject
Project("{9A19103F-16F7-4668-BE54-9A1E7A4F7556}") = "microwf.AspNetCoreEngine", "microwf.AspNetCoreEngine\microwf.AspNetCoreEngine.csproj", "{527553F5-6404-4493-AC19-CD088BF5C235}"
EndProject
Project("{9A19103F-16F7-4668-BE54-9A1E7A4F7556}") = "Ichiba.IS4.Api.Driver", "Ichiba.IS4.Api.Driver\Ichiba.IS4.Api.Driver.csproj", "{1D72AF64-BB8D-463A-95C8-2D46F938A878}"
EndProject
Project("{9A19103F-16F7-4668-BE54-9A1E7A4F7556}") = "Ichiba.Partner.Api.Driver", "Ichiba.Partner.Api.Driver\Ichiba.Partner.Api.Driver.csproj", "{893B459A-732F-44BE-A6C8-F7CAE5A618C2}"
EndProject
Project("{9A19103F-16F7-4668-BE54-9A1E7A4F7556}") = "Ichiba.PurchaseReport.Api.Driver", "Ichiba.PurchaseReport.Api.Driver\Ichiba.PurchaseReport.Api.Driver.csproj", "{99F9103D-97D3-4960-B2DC-D65045451297}"
EndProject
Project("{9A19103F-16F7-4668-BE54-9A1E7A4F7556}") = "iChiba.ACC.Repository.Interface", "iChiba.ACC.Repository.Interface\iChiba.ACC.Repository.Interface.csproj", "{AF741750-18B5-4983-BA7B-3F5844FE247B}"
EndProject
Project("{9A19103F-16F7-4668-BE54-9A1E7A4F7556}") = "iChiba.ACC.Repository.Implement", "iChiba.ACC.Repository.Implement\iChiba.ACC.Repository.Implement.csproj", "{9493BFCD-681E-49F1-A1CB-35ED3702FD9E}"
EndProject
Project("{9A19103F-16F7-4668-BE54-9A1E7A4F7556}") = "iChiba.ACC.Service.Implement", "iChiba.ACC.Service.Implement\iChiba.ACC.Service.Implement.csproj", "{31B6BDDC-E1AA-4D22-A315-9187667151E5}"
EndProject
Project("{9A19103F-16F7-4668-BE54-9A1E7A4F7556}") = "iChiba.ACC.Service.Interface", "iChiba.ACC.Service.Interface\iChiba.ACC.Service.Interface.csproj", "{E1FCA133-6A17-4593-B164-BD176615CD3F}"
EndProject
Project("{9A19103F-16F7-4668-BE54-9A1E7A4F7556}") = "iChiba.ACC.Specification.Implement", "iChiba.ACC.Specification.Implement\iChiba.ACC.Specification.Implement.csproj", "{467D6AED-B969-4D56-B671-7CC921AACCBC}"
EndProject
Project("{9A19103F-16F7-4668-BE54-9A1E7A4F7556}") = "iChiba.ACC.CustomException", "iChiba.ACC.CustomException\iChiba.ACC.CustomException.csproj", "{9C135B25-01DA-4038-B378-3313F8B08835}"
EndProject
Project("{9A19103F-16F7-4668-BE54-9A1E7A4F7556}") = "iChiba.ACC.PrivateApi.AppService.Implement", "iChiba.ACC.PrivateApi.AppService.Implement\iChiba.ACC.PrivateApi.AppService.Implement.csproj", "{3BB84C52-503E-4E63-B4B0-CC9F9DE049E2}"
EndProject
Project("{9A19103F-16F7-4668-BE54-9A1E7A4F7556}") = "iChiba.ACC.PrivateApi.AppService.Interface", "iChiba.ACC.PrivateApi.AppService.Interface\iChiba.ACC.PrivateApi.AppService.Interface.csproj", "{5D0E6B94-FEE2-4917-94D3-641F71A2B4DF}"
EndProject
Project("{9A19103F-16F7-4668-BE54-9A1E7A4F7556}") = "iChiba.ACC.PrivateApi.AppModel", "iChiba.ACC.PrivateApi.AppModel\iChiba.ACC.PrivateApi.AppModel.csproj", "{90D47424-48C9-48C3-9FAA-8DA66BC29C95}"
EndProject
Global
	GlobalSection(SolutionConfigurationPlatforms) = preSolution
		Debug|Any CPU = Debug|Any CPU
		Release|Any CPU = Release|Any CPU
	EndGlobalSection
	GlobalSection(ProjectConfigurationPlatforms) = postSolution
		{BE6908B8-04CB-4B91-8773-5C9C0017704A}.Debug|Any CPU.ActiveCfg = Debug|Any CPU
		{BE6908B8-04CB-4B91-8773-5C9C0017704A}.Debug|Any CPU.Build.0 = Debug|Any CPU
		{BE6908B8-04CB-4B91-8773-5C9C0017704A}.Release|Any CPU.ActiveCfg = Release|Any CPU
		{BE6908B8-04CB-4B91-8773-5C9C0017704A}.Release|Any CPU.Build.0 = Release|Any CPU
		{006B99F4-F83D-4805-A9C9-7F78093C6384}.Debug|Any CPU.ActiveCfg = Debug|Any CPU
		{006B99F4-F83D-4805-A9C9-7F78093C6384}.Debug|Any CPU.Build.0 = Debug|Any CPU
		{006B99F4-F83D-4805-A9C9-7F78093C6384}.Release|Any CPU.ActiveCfg = Release|Any CPU
		{006B99F4-F83D-4805-A9C9-7F78093C6384}.Release|Any CPU.Build.0 = Release|Any CPU
		{92CB9ABE-B063-4313-AFC3-3169035DA9B1}.Debug|Any CPU.ActiveCfg = Debug|Any CPU
		{92CB9ABE-B063-4313-AFC3-3169035DA9B1}.Debug|Any CPU.Build.0 = Debug|Any CPU
		{92CB9ABE-B063-4313-AFC3-3169035DA9B1}.Release|Any CPU.ActiveCfg = Release|Any CPU
		{92CB9ABE-B063-4313-AFC3-3169035DA9B1}.Release|Any CPU.Build.0 = Release|Any CPU
		{22D8535D-EB7D-4179-BB79-0590776068D0}.Debug|Any CPU.ActiveCfg = Debug|Any CPU
		{22D8535D-EB7D-4179-BB79-0590776068D0}.Debug|Any CPU.Build.0 = Debug|Any CPU
		{22D8535D-EB7D-4179-BB79-0590776068D0}.Release|Any CPU.ActiveCfg = Release|Any CPU
		{22D8535D-EB7D-4179-BB79-0590776068D0}.Release|Any CPU.Build.0 = Release|Any CPU
		{3B57C03D-5B8F-43AC-AF82-57A9F5445C43}.Debug|Any CPU.ActiveCfg = Debug|Any CPU
		{3B57C03D-5B8F-43AC-AF82-57A9F5445C43}.Debug|Any CPU.Build.0 = Debug|Any CPU
		{3B57C03D-5B8F-43AC-AF82-57A9F5445C43}.Release|Any CPU.ActiveCfg = Release|Any CPU
		{3B57C03D-5B8F-43AC-AF82-57A9F5445C43}.Release|Any CPU.Build.0 = Release|Any CPU
		{11386232-4E50-4D2D-B677-8412A5C68516}.Debug|Any CPU.ActiveCfg = Debug|Any CPU
		{11386232-4E50-4D2D-B677-8412A5C68516}.Debug|Any CPU.Build.0 = Debug|Any CPU
		{11386232-4E50-4D2D-B677-8412A5C68516}.Release|Any CPU.ActiveCfg = Release|Any CPU
		{11386232-4E50-4D2D-B677-8412A5C68516}.Release|Any CPU.Build.0 = Release|Any CPU
		{527553F5-6404-4493-AC19-CD088BF5C235}.Debug|Any CPU.ActiveCfg = Debug|Any CPU
		{527553F5-6404-4493-AC19-CD088BF5C235}.Debug|Any CPU.Build.0 = Debug|Any CPU
		{527553F5-6404-4493-AC19-CD088BF5C235}.Release|Any CPU.ActiveCfg = Release|Any CPU
		{527553F5-6404-4493-AC19-CD088BF5C235}.Release|Any CPU.Build.0 = Release|Any CPU
		{1D72AF64-BB8D-463A-95C8-2D46F938A878}.Debug|Any CPU.ActiveCfg = Debug|Any CPU
		{1D72AF64-BB8D-463A-95C8-2D46F938A878}.Debug|Any CPU.Build.0 = Debug|Any CPU
		{1D72AF64-BB8D-463A-95C8-2D46F938A878}.Release|Any CPU.ActiveCfg = Release|Any CPU
		{1D72AF64-BB8D-463A-95C8-2D46F938A878}.Release|Any CPU.Build.0 = Release|Any CPU
		{893B459A-732F-44BE-A6C8-F7CAE5A618C2}.Debug|Any CPU.ActiveCfg = Debug|Any CPU
		{893B459A-732F-44BE-A6C8-F7CAE5A618C2}.Debug|Any CPU.Build.0 = Debug|Any CPU
		{893B459A-732F-44BE-A6C8-F7CAE5A618C2}.Release|Any CPU.ActiveCfg = Release|Any CPU
		{893B459A-732F-44BE-A6C8-F7CAE5A618C2}.Release|Any CPU.Build.0 = Release|Any CPU
		{99F9103D-97D3-4960-B2DC-D65045451297}.Debug|Any CPU.ActiveCfg = Debug|Any CPU
		{99F9103D-97D3-4960-B2DC-D65045451297}.Debug|Any CPU.Build.0 = Debug|Any CPU
		{99F9103D-97D3-4960-B2DC-D65045451297}.Release|Any CPU.ActiveCfg = Release|Any CPU
		{99F9103D-97D3-4960-B2DC-D65045451297}.Release|Any CPU.Build.0 = Release|Any CPU
		{AF741750-18B5-4983-BA7B-3F5844FE247B}.Debug|Any CPU.ActiveCfg = Debug|Any CPU
		{AF741750-18B5-4983-BA7B-3F5844FE247B}.Debug|Any CPU.Build.0 = Debug|Any CPU
		{AF741750-18B5-4983-BA7B-3F5844FE247B}.Release|Any CPU.ActiveCfg = Release|Any CPU
		{AF741750-18B5-4983-BA7B-3F5844FE247B}.Release|Any CPU.Build.0 = Release|Any CPU
		{9493BFCD-681E-49F1-A1CB-35ED3702FD9E}.Debug|Any CPU.ActiveCfg = Debug|Any CPU
		{9493BFCD-681E-49F1-A1CB-35ED3702FD9E}.Debug|Any CPU.Build.0 = Debug|Any CPU
		{9493BFCD-681E-49F1-A1CB-35ED3702FD9E}.Release|Any CPU.ActiveCfg = Release|Any CPU
		{9493BFCD-681E-49F1-A1CB-35ED3702FD9E}.Release|Any CPU.Build.0 = Release|Any CPU
		{31B6BDDC-E1AA-4D22-A315-9187667151E5}.Debug|Any CPU.ActiveCfg = Debug|Any CPU
		{31B6BDDC-E1AA-4D22-A315-9187667151E5}.Debug|Any CPU.Build.0 = Debug|Any CPU
		{31B6BDDC-E1AA-4D22-A315-9187667151E5}.Release|Any CPU.ActiveCfg = Release|Any CPU
		{31B6BDDC-E1AA-4D22-A315-9187667151E5}.Release|Any CPU.Build.0 = Release|Any CPU
		{E1FCA133-6A17-4593-B164-BD176615CD3F}.Debug|Any CPU.ActiveCfg = Debug|Any CPU
		{E1FCA133-6A17-4593-B164-BD176615CD3F}.Debug|Any CPU.Build.0 = Debug|Any CPU
		{E1FCA133-6A17-4593-B164-BD176615CD3F}.Release|Any CPU.ActiveCfg = Release|Any CPU
		{E1FCA133-6A17-4593-B164-BD176615CD3F}.Release|Any CPU.Build.0 = Release|Any CPU
		{467D6AED-B969-4D56-B671-7CC921AACCBC}.Debug|Any CPU.ActiveCfg = Debug|Any CPU
		{467D6AED-B969-4D56-B671-7CC921AACCBC}.Debug|Any CPU.Build.0 = Debug|Any CPU
		{467D6AED-B969-4D56-B671-7CC921AACCBC}.Release|Any CPU.ActiveCfg = Release|Any CPU
		{467D6AED-B969-4D56-B671-7CC921AACCBC}.Release|Any CPU.Build.0 = Release|Any CPU
		{9C135B25-01DA-4038-B378-3313F8B08835}.Debug|Any CPU.ActiveCfg = Debug|Any CPU
		{9C135B25-01DA-4038-B378-3313F8B08835}.Debug|Any CPU.Build.0 = Debug|Any CPU
		{9C135B25-01DA-4038-B378-3313F8B08835}.Release|Any CPU.ActiveCfg = Release|Any CPU
		{9C135B25-01DA-4038-B378-3313F8B08835}.Release|Any CPU.Build.0 = Release|Any CPU
		{3BB84C52-503E-4E63-B4B0-CC9F9DE049E2}.Debug|Any CPU.ActiveCfg = Debug|Any CPU
		{3BB84C52-503E-4E63-B4B0-CC9F9DE049E2}.Debug|Any CPU.Build.0 = Debug|Any CPU
		{3BB84C52-503E-4E63-B4B0-CC9F9DE049E2}.Release|Any CPU.ActiveCfg = Release|Any CPU
		{3BB84C52-503E-4E63-B4B0-CC9F9DE049E2}.Release|Any CPU.Build.0 = Release|Any CPU
		{5D0E6B94-FEE2-4917-94D3-641F71A2B4DF}.Debug|Any CPU.ActiveCfg = Debug|Any CPU
		{5D0E6B94-FEE2-4917-94D3-641F71A2B4DF}.Debug|Any CPU.Build.0 = Debug|Any CPU
		{5D0E6B94-FEE2-4917-94D3-641F71A2B4DF}.Release|Any CPU.ActiveCfg = Release|Any CPU
		{5D0E6B94-FEE2-4917-94D3-641F71A2B4DF}.Release|Any CPU.Build.0 = Release|Any CPU
		{90D47424-48C9-48C3-9FAA-8DA66BC29C95}.Debug|Any CPU.ActiveCfg = Debug|Any CPU
		{90D47424-48C9-48C3-9FAA-8DA66BC29C95}.Debug|Any CPU.Build.0 = Debug|Any CPU
		{90D47424-48C9-48C3-9FAA-8DA66BC29C95}.Release|Any CPU.ActiveCfg = Release|Any CPU
		{90D47424-48C9-48C3-9FAA-8DA66BC29C95}.Release|Any CPU.Build.0 = Release|Any CPU
	EndGlobalSection
	GlobalSection(SolutionProperties) = preSolution
		HideSolutionNode = FALSE
	EndGlobalSection
	GlobalSection(NestedProjects) = preSolution
		{BE6908B8-04CB-4B91-8773-5C9C0017704A} = {F216E480-8AF8-415E-B3A2-43CD7A51D07B}
		{D416D739-F80A-40C4-8301-CF69706851E6} = {F216E480-8AF8-415E-B3A2-43CD7A51D07B}
		{CF3BE46E-3470-460F-A477-E060A2304C2E} = {21C438C7-7632-45BF-A744-23C88F16D2C9}
		{ABA9F4FE-05BE-4973-8F96-D7D96674B448} = {21C438C7-7632-45BF-A744-23C88F16D2C9}
		{3D45F72E-E52C-4548-A3C5-5F0226F475BF} = {21C438C7-7632-45BF-A744-23C88F16D2C9}
		{006B99F4-F83D-4805-A9C9-7F78093C6384} = {21C438C7-7632-45BF-A744-23C88F16D2C9}
		{92CB9ABE-B063-4313-AFC3-3169035DA9B1} = {21C438C7-7632-45BF-A744-23C88F16D2C9}
		{22D8535D-EB7D-4179-BB79-0590776068D0} = {21C438C7-7632-45BF-A744-23C88F16D2C9}
		{4FDD7C9B-6A3C-4934-BD98-14A808C95F59} = {1BA7C05A-9A7A-4E01-8DD9-E81750DDFCC2}
		{3B57C03D-5B8F-43AC-AF82-57A9F5445C43} = {4FDD7C9B-6A3C-4934-BD98-14A808C95F59}
		{11386232-4E50-4D2D-B677-8412A5C68516} = {1BA7C05A-9A7A-4E01-8DD9-E81750DDFCC2}
		{527553F5-6404-4493-AC19-CD088BF5C235} = {1BA7C05A-9A7A-4E01-8DD9-E81750DDFCC2}
		{1D72AF64-BB8D-463A-95C8-2D46F938A878} = {4FDD7C9B-6A3C-4934-BD98-14A808C95F59}
		{893B459A-732F-44BE-A6C8-F7CAE5A618C2} = {4FDD7C9B-6A3C-4934-BD98-14A808C95F59}
		{99F9103D-97D3-4960-B2DC-D65045451297} = {4FDD7C9B-6A3C-4934-BD98-14A808C95F59}
		{AF741750-18B5-4983-BA7B-3F5844FE247B} = {CF3BE46E-3470-460F-A477-E060A2304C2E}
		{9493BFCD-681E-49F1-A1CB-35ED3702FD9E} = {CF3BE46E-3470-460F-A477-E060A2304C2E}
		{31B6BDDC-E1AA-4D22-A315-9187667151E5} = {ABA9F4FE-05BE-4973-8F96-D7D96674B448}
		{E1FCA133-6A17-4593-B164-BD176615CD3F} = {ABA9F4FE-05BE-4973-8F96-D7D96674B448}
		{467D6AED-B969-4D56-B671-7CC921AACCBC} = {3D45F72E-E52C-4548-A3C5-5F0226F475BF}
		{9C135B25-01DA-4038-B378-3313F8B08835} = {21C438C7-7632-45BF-A744-23C88F16D2C9}
		{3BB84C52-503E-4E63-B4B0-CC9F9DE049E2} = {D416D739-F80A-40C4-8301-CF69706851E6}
		{5D0E6B94-FEE2-4917-94D3-641F71A2B4DF} = {D416D739-F80A-40C4-8301-CF69706851E6}
		{90D47424-48C9-48C3-9FAA-8DA66BC29C95} = {D416D739-F80A-40C4-8301-CF69706851E6}
	EndGlobalSection
	GlobalSection(ExtensibilityGlobals) = postSolution
		SolutionGuid = {C556888A-3E71-4131-9B5B-C4B753B7573F}
	EndGlobalSection
EndGlobal
